
Microsoft Visual Studio Solution File, Format Version 12.00
# Visual Studio Version 17
VisualStudioVersion = 17.5.33530.505
MinimumVisualStudioVersion = 10.0.40219.1
Project("{FAE04EC0-301F-11D3-BF4B-00C04F79EFBC}") = "UserIdentityProject", "UserIdentityProject.csproj", "{910F35C8-83BB-468D-82C1-49A58215C224}"
EndProject
Global
	GlobalSection(SolutionConfigurationPlatforms) = preSolution
		Debug|Any CPU = Debug|Any CPU
		Release|Any CPU = Release|Any CPU
	EndGlobalSection
	GlobalSection(ProjectConfigurationPlatforms) = postSolution
		{910F35C8-83BB-468D-82C1-49A58215C224}.Debug|Any CPU.ActiveCfg = Debug|Any CPU
		{910F35C8-83BB-468D-82C1-49A58215C224}.Debug|Any CPU.Build.0 = Debug|Any CPU
		{910F35C8-83BB-468D-82C1-49A58215C224}.Release|Any CPU.ActiveCfg = Release|Any CPU
		{910F35C8-83BB-468D-82C1-49A58215C224}.Release|Any CPU.Build.0 = Release|Any CPU
	EndGlobalSection
	GlobalSection(SolutionProperties) = preSolution
		HideSolutionNode = FALSE
	EndGlobalSection
	GlobalSection(ExtensibilityGlobals) = postSolution
		SolutionGuid = {2F45CB21-741B-4E95-9F48-D2681F320CD4}
	EndGlobalSection
EndGlobal
